
Microsoft Visual Studio Solution File, Format Version 12.00
# Visual Studio 14
VisualStudioVersion = 14.0.25123.0
MinimumVisualStudioVersion = 10.0.40219.1
Project("{FAE04EC0-301F-11D3-BF4B-00C04F79EFBC}") = "appAzureTest", "appAzureTest\appAzureTest.csproj", "{2C904D08-1CAB-45FD-B57F-675BBF09521E}"
EndProject
Project("{2150E333-8FDC-42A3-9474-1A3956D46DE8}") = "PublishScripts", "PublishScripts", "{36544822-030B-4675-AE5B-55867AC28080}"
EndProject
Project("{2150E333-8FDC-42A3-9474-1A3956D46DE8}") = "Scripts", "Scripts", "{41C17A5A-B2FC-40BC-B159-D74BE809D205}"
	ProjectSection(SolutionItems) = preProject
		PublishScripts\Scripts\Deploy-AzureResourceGroup.ps1 = PublishScripts\Scripts\Deploy-AzureResourceGroup.ps1
	EndProjectSection
EndProject
Project("{2150E333-8FDC-42A3-9474-1A3956D46DE8}") = "Templates", "Templates", "{8CB0F1B1-7CF6-4338-94BB-0EE42E9BF7BE}"
	ProjectSection(SolutionItems) = preProject
		PublishScripts\Templates\appAzureTest.json = PublishScripts\Templates\appAzureTest.json
		PublishScripts\Templates\appAzureTest.param.dev.json = PublishScripts\Templates\appAzureTest.param.dev.json
	EndProjectSection
EndProject
Global
	GlobalSection(SolutionConfigurationPlatforms) = preSolution
		Debug|Any CPU = Debug|Any CPU
		Release|Any CPU = Release|Any CPU
	EndGlobalSection
	GlobalSection(ProjectConfigurationPlatforms) = postSolution
		{2C904D08-1CAB-45FD-B57F-675BBF09521E}.Debug|Any CPU.ActiveCfg = Debug|Any CPU
		{2C904D08-1CAB-45FD-B57F-675BBF09521E}.Debug|Any CPU.Build.0 = Debug|Any CPU
		{2C904D08-1CAB-45FD-B57F-675BBF09521E}.Release|Any CPU.ActiveCfg = Release|Any CPU
		{2C904D08-1CAB-45FD-B57F-675BBF09521E}.Release|Any CPU.Build.0 = Release|Any CPU
	EndGlobalSection
	GlobalSection(SolutionProperties) = preSolution
		HideSolutionNode = FALSE
	EndGlobalSection
	GlobalSection(NestedProjects) = preSolution
		{41C17A5A-B2FC-40BC-B159-D74BE809D205} = {36544822-030B-4675-AE5B-55867AC28080}
		{8CB0F1B1-7CF6-4338-94BB-0EE42E9BF7BE} = {36544822-030B-4675-AE5B-55867AC28080}
	EndGlobalSection
EndGlobal
